
Microsoft Visual Studio Solution File, Format Version 12.00
# Visual Studio Version 16
VisualStudioVersion = 16.0.32126.315
MinimumVisualStudioVersion = 10.0.40219.1
Project("{9A19103F-16F7-4668-BE54-9A1E7A4F7556}") = "Jenkins.Services", "Jenkins.Services\Jenkins.Services.csproj", "{F479B4FD-E815-43D2-8AC2-145ED1303A57}"
EndProject
Project("{FAE04EC0-301F-11D3-BF4B-00C04F79EFBC}") = "Jenkins.Tests", "Jenkins.Tests\Jenkins.Tests.csproj", "{4E7DCB09-98F4-4F0C-8F8E-099A3E1D3533}"
EndProject
Project("{FAE04EC0-301F-11D3-BF4B-00C04F79EFBC}") = "Jenkins.Web", "Jenkins.Web\Jenkins.Web.csproj", "{EF700B5B-E760-49A6-B633-9395E2DE15E4}"
EndProject
Global
	GlobalSection(SolutionConfigurationPlatforms) = preSolution
		Debug|Any CPU = Debug|Any CPU
		Release|Any CPU = Release|Any CPU
	EndGlobalSection
	GlobalSection(ProjectConfigurationPlatforms) = postSolution
		{F479B4FD-E815-43D2-8AC2-145ED1303A57}.Debug|Any CPU.ActiveCfg = Debug|Any CPU
		{F479B4FD-E815-43D2-8AC2-145ED1303A57}.Debug|Any CPU.Build.0 = Debug|Any CPU
		{F479B4FD-E815-43D2-8AC2-145ED1303A57}.Release|Any CPU.ActiveCfg = Release|Any CPU
		{F479B4FD-E815-43D2-8AC2-145ED1303A57}.Release|Any CPU.Build.0 = Release|Any CPU
		{4E7DCB09-98F4-4F0C-8F8E-099A3E1D3533}.Debug|Any CPU.ActiveCfg = Debug|Any CPU
		{4E7DCB09-98F4-4F0C-8F8E-099A3E1D3533}.Debug|Any CPU.Build.0 = Debug|Any CPU
		{4E7DCB09-98F4-4F0C-8F8E-099A3E1D3533}.Release|Any CPU.ActiveCfg = Release|Any CPU
		{4E7DCB09-98F4-4F0C-8F8E-099A3E1D3533}.Release|Any CPU.Build.0 = Release|Any CPU
		{EF700B5B-E760-49A6-B633-9395E2DE15E4}.Debug|Any CPU.ActiveCfg = Debug|Any CPU
		{EF700B5B-E760-49A6-B633-9395E2DE15E4}.Debug|Any CPU.Build.0 = Debug|Any CPU
		{EF700B5B-E760-49A6-B633-9395E2DE15E4}.Release|Any CPU.ActiveCfg = Release|Any CPU
		{EF700B5B-E760-49A6-B633-9395E2DE15E4}.Release|Any CPU.Build.0 = Release|Any CPU
	EndGlobalSection
	GlobalSection(SolutionProperties) = preSolution
		HideSolutionNode = FALSE
	EndGlobalSection
	GlobalSection(ExtensibilityGlobals) = postSolution
		SolutionGuid = {82370009-2A13-48A1-8C6A-6B9CCA894A91}
	EndGlobalSection
EndGlobal
